
Microsoft Visual Studio Solution File, Format Version 12.00
# Visual Studio Version 17
VisualStudioVersion = 17.0.31903.59
MinimumVisualStudioVersion = 10.0.40219.1
Project("{2150E333-8FDC-42A3-9474-1A3956D46DE8}") = "src", "src", "{34FECE0C-FC85-448C-BB0B-3CC53F8441A9}"
EndProject
Project("{2150E333-8FDC-42A3-9474-1A3956D46DE8}") = "BuildingBlocks", "BuildingBlocks", "{12870263-D236-404E-9095-6F0DA5AA80B8}"
EndProject
Project("{FAE04EC0-301F-11D3-BF4B-00C04F79EFBC}") = "EventBus", "src\BuildingBlocks\EventBus\EventBus.csproj", "{0E604A65-0F69-4D92-AB4C-6E3B29B094F9}"
EndProject
Project("{FAE04EC0-301F-11D3-BF4B-00C04F79EFBC}") = "Healthchecks", "src\BuildingBlocks\Healthchecks\Healthchecks.csproj", "{75A41862-8EB8-4017-8F98-8A36A71896F9}"
EndProject
Project("{2150E333-8FDC-42A3-9474-1A3956D46DE8}") = "Services", "Services", "{772061A0-D297-4C2D-9DCD-CD4FF212DF12}"
EndProject
Project("{FAE04EC0-301F-11D3-BF4B-00C04F79EFBC}") = "OracleFetchApi", "src\Services\OracleFetchApi\OracleFetchApi.csproj", "{1A56D058-D7AC-4E31-B214-AC3098D5372A}"
EndProject
Project("{2150E333-8FDC-42A3-9474-1A3956D46DE8}") = "Web", "Web", "{343478C9-06BE-4E62-944E-835CA4E0C02A}"
EndProject
Project("{FAE04EC0-301F-11D3-BF4B-00C04F79EFBC}") = "Webstatus", "src\Web\Webstatus\Webstatus.csproj", "{D8362CC7-8C22-4FF3-B943-BA78171B6C62}"
EndProject
Project("{2150E333-8FDC-42A3-9474-1A3956D46DE8}") = "EmailSendApi", "EmailSendApi", "{19D7E265-054C-4A97-8938-3251D5F87146}"
EndProject
Project("{2150E333-8FDC-42A3-9474-1A3956D46DE8}") = "src", "src", "{E792ED98-206D-4A30-8738-608CE622F6E2}"
EndProject
Project("{FAE04EC0-301F-11D3-BF4B-00C04F79EFBC}") = "Application", "src\Services\EmailSendApi\src\Application\Application.csproj", "{7B347503-D96C-4E3D-818F-5FA690F83A53}"
EndProject
Project("{FAE04EC0-301F-11D3-BF4B-00C04F79EFBC}") = "Domain", "src\Services\EmailSendApi\src\Domain\Domain.csproj", "{F9895C9E-592C-457A-A8C7-33B94139F08A}"
EndProject
Project("{FAE04EC0-301F-11D3-BF4B-00C04F79EFBC}") = "Web", "src\Services\EmailSendApi\src\Web\Web.csproj", "{B721E99A-AE34-4088-AB39-D0A8D3171429}"
EndProject
Global
	GlobalSection(SolutionConfigurationPlatforms) = preSolution
		Debug|Any CPU = Debug|Any CPU
		Release|Any CPU = Release|Any CPU
	EndGlobalSection
	GlobalSection(SolutionProperties) = preSolution
		HideSolutionNode = FALSE
	EndGlobalSection
	GlobalSection(ProjectConfigurationPlatforms) = postSolution
		{0E604A65-0F69-4D92-AB4C-6E3B29B094F9}.Debug|Any CPU.ActiveCfg = Debug|Any CPU
		{0E604A65-0F69-4D92-AB4C-6E3B29B094F9}.Debug|Any CPU.Build.0 = Debug|Any CPU
		{0E604A65-0F69-4D92-AB4C-6E3B29B094F9}.Release|Any CPU.ActiveCfg = Release|Any CPU
		{0E604A65-0F69-4D92-AB4C-6E3B29B094F9}.Release|Any CPU.Build.0 = Release|Any CPU
		{75A41862-8EB8-4017-8F98-8A36A71896F9}.Debug|Any CPU.ActiveCfg = Debug|Any CPU
		{75A41862-8EB8-4017-8F98-8A36A71896F9}.Debug|Any CPU.Build.0 = Debug|Any CPU
		{75A41862-8EB8-4017-8F98-8A36A71896F9}.Release|Any CPU.ActiveCfg = Release|Any CPU
		{75A41862-8EB8-4017-8F98-8A36A71896F9}.Release|Any CPU.Build.0 = Release|Any CPU
		{1A56D058-D7AC-4E31-B214-AC3098D5372A}.Debug|Any CPU.ActiveCfg = Debug|Any CPU
		{1A56D058-D7AC-4E31-B214-AC3098D5372A}.Debug|Any CPU.Build.0 = Debug|Any CPU
		{1A56D058-D7AC-4E31-B214-AC3098D5372A}.Release|Any CPU.ActiveCfg = Release|Any CPU
		{1A56D058-D7AC-4E31-B214-AC3098D5372A}.Release|Any CPU.Build.0 = Release|Any CPU
		{D8362CC7-8C22-4FF3-B943-BA78171B6C62}.Debug|Any CPU.ActiveCfg = Debug|Any CPU
		{D8362CC7-8C22-4FF3-B943-BA78171B6C62}.Debug|Any CPU.Build.0 = Debug|Any CPU
		{D8362CC7-8C22-4FF3-B943-BA78171B6C62}.Release|Any CPU.ActiveCfg = Release|Any CPU
		{D8362CC7-8C22-4FF3-B943-BA78171B6C62}.Release|Any CPU.Build.0 = Release|Any CPU
		{7B347503-D96C-4E3D-818F-5FA690F83A53}.Debug|Any CPU.ActiveCfg = Debug|Any CPU
		{7B347503-D96C-4E3D-818F-5FA690F83A53}.Debug|Any CPU.Build.0 = Debug|Any CPU
		{7B347503-D96C-4E3D-818F-5FA690F83A53}.Release|Any CPU.ActiveCfg = Release|Any CPU
		{7B347503-D96C-4E3D-818F-5FA690F83A53}.Release|Any CPU.Build.0 = Release|Any CPU
		{F9895C9E-592C-457A-A8C7-33B94139F08A}.Debug|Any CPU.ActiveCfg = Debug|Any CPU
		{F9895C9E-592C-457A-A8C7-33B94139F08A}.Debug|Any CPU.Build.0 = Debug|Any CPU
		{F9895C9E-592C-457A-A8C7-33B94139F08A}.Release|Any CPU.ActiveCfg = Release|Any CPU
		{F9895C9E-592C-457A-A8C7-33B94139F08A}.Release|Any CPU.Build.0 = Release|Any CPU
		{B721E99A-AE34-4088-AB39-D0A8D3171429}.Debug|Any CPU.ActiveCfg = Debug|Any CPU
		{B721E99A-AE34-4088-AB39-D0A8D3171429}.Debug|Any CPU.Build.0 = Debug|Any CPU
		{B721E99A-AE34-4088-AB39-D0A8D3171429}.Release|Any CPU.ActiveCfg = Release|Any CPU
		{B721E99A-AE34-4088-AB39-D0A8D3171429}.Release|Any CPU.Build.0 = Release|Any CPU
	EndGlobalSection
	GlobalSection(NestedProjects) = preSolution
		{12870263-D236-404E-9095-6F0DA5AA80B8} = {34FECE0C-FC85-448C-BB0B-3CC53F8441A9}
		{0E604A65-0F69-4D92-AB4C-6E3B29B094F9} = {12870263-D236-404E-9095-6F0DA5AA80B8}
		{75A41862-8EB8-4017-8F98-8A36A71896F9} = {12870263-D236-404E-9095-6F0DA5AA80B8}
		{772061A0-D297-4C2D-9DCD-CD4FF212DF12} = {34FECE0C-FC85-448C-BB0B-3CC53F8441A9}
		{1A56D058-D7AC-4E31-B214-AC3098D5372A} = {772061A0-D297-4C2D-9DCD-CD4FF212DF12}
		{343478C9-06BE-4E62-944E-835CA4E0C02A} = {34FECE0C-FC85-448C-BB0B-3CC53F8441A9}
		{D8362CC7-8C22-4FF3-B943-BA78171B6C62} = {343478C9-06BE-4E62-944E-835CA4E0C02A}
		{19D7E265-054C-4A97-8938-3251D5F87146} = {772061A0-D297-4C2D-9DCD-CD4FF212DF12}
		{E792ED98-206D-4A30-8738-608CE622F6E2} = {19D7E265-054C-4A97-8938-3251D5F87146}
		{7B347503-D96C-4E3D-818F-5FA690F83A53} = {E792ED98-206D-4A30-8738-608CE622F6E2}
		{F9895C9E-592C-457A-A8C7-33B94139F08A} = {E792ED98-206D-4A30-8738-608CE622F6E2}
		{B721E99A-AE34-4088-AB39-D0A8D3171429} = {E792ED98-206D-4A30-8738-608CE622F6E2}
	EndGlobalSection
EndGlobal
