
Microsoft Visual Studio Solution File, Format Version 12.00
# Visual Studio Version 17
VisualStudioVersion = 17.0.31903.59
MinimumVisualStudioVersion = 10.0.40219.1
Project("{2150E333-8FDC-42A3-9474-1A3956D46DE8}") = "src", "src", "{34FECE0C-FC85-448C-BB0B-3CC53F8441A9}"
EndProject
Project("{2150E333-8FDC-42A3-9474-1A3956D46DE8}") = "BuildingBlocks", "BuildingBlocks", "{12870263-D236-404E-9095-6F0DA5AA80B8}"
EndProject
Project("{FAE04EC0-301F-11D3-BF4B-00C04F79EFBC}") = "EventBus", "src\BuildingBlocks\EventBus\EventBus.csproj", "{0E604A65-0F69-4D92-AB4C-6E3B29B094F9}"
EndProject
Project("{FAE04EC0-301F-11D3-BF4B-00C04F79EFBC}") = "Healthchecks", "src\BuildingBlocks\Healthchecks\Healthchecks.csproj", "{75A41862-8EB8-4017-8F98-8A36A71896F9}"
EndProject
Project("{2150E333-8FDC-42A3-9474-1A3956D46DE8}") = "Services", "Services", "{772061A0-D297-4C2D-9DCD-CD4FF212DF12}"
EndProject
Project("{FAE04EC0-301F-11D3-BF4B-00C04F79EFBC}") = "OracleFetchApi", "src\Services\OracleFetchApi\OracleFetchApi.csproj", "{1A56D058-D7AC-4E31-B214-AC3098D5372A}"
EndProject
Project("{2150E333-8FDC-42A3-9474-1A3956D46DE8}") = "Web", "Web", "{343478C9-06BE-4E62-944E-835CA4E0C02A}"
EndProject
Project("{FAE04EC0-301F-11D3-BF4B-00C04F79EFBC}") = "Webstatus", "src\Web\Webstatus\Webstatus.csproj", "{D8362CC7-8C22-4FF3-B943-BA78171B6C62}"
EndProject
Project("{2150E333-8FDC-42A3-9474-1A3956D46DE8}") = "EmailApi", "EmailApi", "{A0963ED8-52D4-4AB3-9000-B558FBFAF842}"
EndProject
Project("{2150E333-8FDC-42A3-9474-1A3956D46DE8}") = "src", "src", "{18C9052F-A1AA-4C2A-B6DD-25CAFBF5F39E}"
EndProject
Project("{FAE04EC0-301F-11D3-BF4B-00C04F79EFBC}") = "Web", "src\Services\EmailApi\src\Web\Web.csproj", "{9A1FF9A5-5C35-4F40-991B-51AC012F760D}"
EndProject
Project("{FAE04EC0-301F-11D3-BF4B-00C04F79EFBC}") = "Infrastructure", "src\Services\EmailApi\src\Infrastructure\Infrastructure.csproj", "{DEF95655-A0BC-49F7-892F-FFD4C9C7ACFE}"
EndProject
Project("{FAE04EC0-301F-11D3-BF4B-00C04F79EFBC}") = "Domain", "src\Services\EmailApi\src\Domain\Domain.csproj", "{3E99652A-A319-42EC-A732-CEA59F6A8314}"
EndProject
Project("{FAE04EC0-301F-11D3-BF4B-00C04F79EFBC}") = "Application", "src\Services\EmailApi\src\Application\Application.csproj", "{296285C7-9268-49D5-8F7E-008007319AD7}"
EndProject
Global
	GlobalSection(SolutionConfigurationPlatforms) = preSolution
		Debug|Any CPU = Debug|Any CPU
		Release|Any CPU = Release|Any CPU
	EndGlobalSection
	GlobalSection(SolutionProperties) = preSolution
		HideSolutionNode = FALSE
	EndGlobalSection
	GlobalSection(ProjectConfigurationPlatforms) = postSolution
		{0E604A65-0F69-4D92-AB4C-6E3B29B094F9}.Debug|Any CPU.ActiveCfg = Debug|Any CPU
		{0E604A65-0F69-4D92-AB4C-6E3B29B094F9}.Debug|Any CPU.Build.0 = Debug|Any CPU
		{0E604A65-0F69-4D92-AB4C-6E3B29B094F9}.Release|Any CPU.ActiveCfg = Release|Any CPU
		{0E604A65-0F69-4D92-AB4C-6E3B29B094F9}.Release|Any CPU.Build.0 = Release|Any CPU
		{75A41862-8EB8-4017-8F98-8A36A71896F9}.Debug|Any CPU.ActiveCfg = Debug|Any CPU
		{75A41862-8EB8-4017-8F98-8A36A71896F9}.Debug|Any CPU.Build.0 = Debug|Any CPU
		{75A41862-8EB8-4017-8F98-8A36A71896F9}.Release|Any CPU.ActiveCfg = Release|Any CPU
		{75A41862-8EB8-4017-8F98-8A36A71896F9}.Release|Any CPU.Build.0 = Release|Any CPU
		{1A56D058-D7AC-4E31-B214-AC3098D5372A}.Debug|Any CPU.ActiveCfg = Debug|Any CPU
		{1A56D058-D7AC-4E31-B214-AC3098D5372A}.Debug|Any CPU.Build.0 = Debug|Any CPU
		{1A56D058-D7AC-4E31-B214-AC3098D5372A}.Release|Any CPU.ActiveCfg = Release|Any CPU
		{1A56D058-D7AC-4E31-B214-AC3098D5372A}.Release|Any CPU.Build.0 = Release|Any CPU
		{D8362CC7-8C22-4FF3-B943-BA78171B6C62}.Debug|Any CPU.ActiveCfg = Debug|Any CPU
		{D8362CC7-8C22-4FF3-B943-BA78171B6C62}.Debug|Any CPU.Build.0 = Debug|Any CPU
		{D8362CC7-8C22-4FF3-B943-BA78171B6C62}.Release|Any CPU.ActiveCfg = Release|Any CPU
		{D8362CC7-8C22-4FF3-B943-BA78171B6C62}.Release|Any CPU.Build.0 = Release|Any CPU
		{9A1FF9A5-5C35-4F40-991B-51AC012F760D}.Debug|Any CPU.ActiveCfg = Debug|Any CPU
		{9A1FF9A5-5C35-4F40-991B-51AC012F760D}.Debug|Any CPU.Build.0 = Debug|Any CPU
		{9A1FF9A5-5C35-4F40-991B-51AC012F760D}.Release|Any CPU.ActiveCfg = Release|Any CPU
		{9A1FF9A5-5C35-4F40-991B-51AC012F760D}.Release|Any CPU.Build.0 = Release|Any CPU
		{DEF95655-A0BC-49F7-892F-FFD4C9C7ACFE}.Debug|Any CPU.ActiveCfg = Debug|Any CPU
		{DEF95655-A0BC-49F7-892F-FFD4C9C7ACFE}.Debug|Any CPU.Build.0 = Debug|Any CPU
		{DEF95655-A0BC-49F7-892F-FFD4C9C7ACFE}.Release|Any CPU.ActiveCfg = Release|Any CPU
		{DEF95655-A0BC-49F7-892F-FFD4C9C7ACFE}.Release|Any CPU.Build.0 = Release|Any CPU
		{3E99652A-A319-42EC-A732-CEA59F6A8314}.Debug|Any CPU.ActiveCfg = Debug|Any CPU
		{3E99652A-A319-42EC-A732-CEA59F6A8314}.Debug|Any CPU.Build.0 = Debug|Any CPU
		{3E99652A-A319-42EC-A732-CEA59F6A8314}.Release|Any CPU.ActiveCfg = Release|Any CPU
		{3E99652A-A319-42EC-A732-CEA59F6A8314}.Release|Any CPU.Build.0 = Release|Any CPU
		{296285C7-9268-49D5-8F7E-008007319AD7}.Debug|Any CPU.ActiveCfg = Debug|Any CPU
		{296285C7-9268-49D5-8F7E-008007319AD7}.Debug|Any CPU.Build.0 = Debug|Any CPU
		{296285C7-9268-49D5-8F7E-008007319AD7}.Release|Any CPU.ActiveCfg = Release|Any CPU
		{296285C7-9268-49D5-8F7E-008007319AD7}.Release|Any CPU.Build.0 = Release|Any CPU
	EndGlobalSection
	GlobalSection(NestedProjects) = preSolution
		{12870263-D236-404E-9095-6F0DA5AA80B8} = {34FECE0C-FC85-448C-BB0B-3CC53F8441A9}
		{0E604A65-0F69-4D92-AB4C-6E3B29B094F9} = {12870263-D236-404E-9095-6F0DA5AA80B8}
		{75A41862-8EB8-4017-8F98-8A36A71896F9} = {12870263-D236-404E-9095-6F0DA5AA80B8}
		{772061A0-D297-4C2D-9DCD-CD4FF212DF12} = {34FECE0C-FC85-448C-BB0B-3CC53F8441A9}
		{1A56D058-D7AC-4E31-B214-AC3098D5372A} = {772061A0-D297-4C2D-9DCD-CD4FF212DF12}
		{343478C9-06BE-4E62-944E-835CA4E0C02A} = {34FECE0C-FC85-448C-BB0B-3CC53F8441A9}
		{D8362CC7-8C22-4FF3-B943-BA78171B6C62} = {343478C9-06BE-4E62-944E-835CA4E0C02A}
		{A0963ED8-52D4-4AB3-9000-B558FBFAF842} = {772061A0-D297-4C2D-9DCD-CD4FF212DF12}
		{18C9052F-A1AA-4C2A-B6DD-25CAFBF5F39E} = {A0963ED8-52D4-4AB3-9000-B558FBFAF842}
		{9A1FF9A5-5C35-4F40-991B-51AC012F760D} = {18C9052F-A1AA-4C2A-B6DD-25CAFBF5F39E}
		{DEF95655-A0BC-49F7-892F-FFD4C9C7ACFE} = {18C9052F-A1AA-4C2A-B6DD-25CAFBF5F39E}
		{3E99652A-A319-42EC-A732-CEA59F6A8314} = {18C9052F-A1AA-4C2A-B6DD-25CAFBF5F39E}
		{296285C7-9268-49D5-8F7E-008007319AD7} = {18C9052F-A1AA-4C2A-B6DD-25CAFBF5F39E}
	EndGlobalSection
EndGlobal
